
Microsoft Visual Studio Solution File, Format Version 12.00
# Visual Studio Version 17
VisualStudioVersion = 17.7.34024.191
MinimumVisualStudioVersion = 10.0.40219.1
Project("{FAE04EC0-301F-11D3-BF4B-00C04F79EFBC}") = "Gyak1", "Gyak1.csproj", "{3514B79F-7CC5-4966-865A-0E94DC6A2C9B}"
EndProject
Global
	GlobalSection(SolutionConfigurationPlatforms) = preSolution
		Debug|Any CPU = Debug|Any CPU
		Release|Any CPU = Release|Any CPU
	EndGlobalSection
	GlobalSection(ProjectConfigurationPlatforms) = postSolution
		{3514B79F-7CC5-4966-865A-0E94DC6A2C9B}.Debug|Any CPU.ActiveCfg = Debug|Any CPU
		{3514B79F-7CC5-4966-865A-0E94DC6A2C9B}.Debug|Any CPU.Build.0 = Debug|Any CPU
		{3514B79F-7CC5-4966-865A-0E94DC6A2C9B}.Release|Any CPU.ActiveCfg = Release|Any CPU
		{3514B79F-7CC5-4966-865A-0E94DC6A2C9B}.Release|Any CPU.Build.0 = Release|Any CPU
	EndGlobalSection
	GlobalSection(SolutionProperties) = preSolution
		HideSolutionNode = FALSE
	EndGlobalSection
	GlobalSection(ExtensibilityGlobals) = postSolution
		SolutionGuid = {AE178660-CE5B-420F-B816-96F018E99148}
	EndGlobalSection
EndGlobal
